
Microsoft Visual Studio Solution File, Format Version 12.00
# Visual Studio Version 17
VisualStudioVersion = 17.2.32602.215
MinimumVisualStudioVersion = 10.0.40219.1
Project("{8BC9CEB8-8B4A-11D0-8D11-00A0C91BC942}") = "ShirakanaTTSUI", "ShirakanaTTSUI\ShirakanaTTSUI.vcxproj", "{C51B8E5B-A4A1-47F9-9262-ED28A2D63CEB}"
EndProject
Global
	GlobalSection(SolutionConfigurationPlatforms) = preSolution
		Debug|x64 = Debug|x64
		Debug|x86 = Debug|x86
		DebugCUDA|x64 = DebugCUDA|x64
		DebugCUDA|x86 = DebugCUDA|x86
		DebugGPU|x64 = DebugGPU|x64
		DebugGPU|x86 = DebugGPU|x86
		Release|x64 = Release|x64
		Release|x86 = Release|x86
		ReleaseDML|x64 = ReleaseDML|x64
		ReleaseDML|x86 = ReleaseDML|x86
		ReleaseGPU|x64 = ReleaseGPU|x64
		ReleaseGPU|x86 = ReleaseGPU|x86
	EndGlobalSection
	GlobalSection(ProjectConfigurationPlatforms) = postSolution
		{C51B8E5B-A4A1-47F9-9262-ED28A2D63CEB}.Debug|x64.ActiveCfg = Debug|x64
		{C51B8E5B-A4A1-47F9-9262-ED28A2D63CEB}.Debug|x64.Build.0 = Debug|x64
		{C51B8E5B-A4A1-47F9-9262-ED28A2D63CEB}.Debug|x86.ActiveCfg = Debug|Win32
		{C51B8E5B-A4A1-47F9-9262-ED28A2D63CEB}.Debug|x86.Build.0 = Debug|Win32
		{C51B8E5B-A4A1-47F9-9262-ED28A2D63CEB}.DebugCUDA|x64.ActiveCfg = DebugCUDA|x64
		{C51B8E5B-A4A1-47F9-9262-ED28A2D63CEB}.DebugCUDA|x64.Build.0 = DebugCUDA|x64
		{C51B8E5B-A4A1-47F9-9262-ED28A2D63CEB}.DebugCUDA|x86.ActiveCfg = DebugCUDA|Win32
		{C51B8E5B-A4A1-47F9-9262-ED28A2D63CEB}.DebugCUDA|x86.Build.0 = DebugCUDA|Win32
		{C51B8E5B-A4A1-47F9-9262-ED28A2D63CEB}.DebugGPU|x64.ActiveCfg = DebugGPU|x64
		{C51B8E5B-A4A1-47F9-9262-ED28A2D63CEB}.DebugGPU|x64.Build.0 = DebugGPU|x64
		{C51B8E5B-A4A1-47F9-9262-ED28A2D63CEB}.DebugGPU|x86.ActiveCfg = DebugGPU|Win32
		{C51B8E5B-A4A1-47F9-9262-ED28A2D63CEB}.DebugGPU|x86.Build.0 = DebugGPU|Win32
		{C51B8E5B-A4A1-47F9-9262-ED28A2D63CEB}.Release|x64.ActiveCfg = Release|x64
		{C51B8E5B-A4A1-47F9-9262-ED28A2D63CEB}.Release|x64.Build.0 = Release|x64
		{C51B8E5B-A4A1-47F9-9262-ED28A2D63CEB}.Release|x86.ActiveCfg = Release|Win32
		{C51B8E5B-A4A1-47F9-9262-ED28A2D63CEB}.Release|x86.Build.0 = Release|Win32
		{C51B8E5B-A4A1-47F9-9262-ED28A2D63CEB}.ReleaseDML|x64.ActiveCfg = ReleaseDML|x64
		{C51B8E5B-A4A1-47F9-9262-ED28A2D63CEB}.ReleaseDML|x64.Build.0 = ReleaseDML|x64
		{C51B8E5B-A4A1-47F9-9262-ED28A2D63CEB}.ReleaseDML|x86.ActiveCfg = ReleaseDML|Win32
		{C51B8E5B-A4A1-47F9-9262-ED28A2D63CEB}.ReleaseDML|x86.Build.0 = ReleaseDML|Win32
		{C51B8E5B-A4A1-47F9-9262-ED28A2D63CEB}.ReleaseGPU|x64.ActiveCfg = ReleaseGPU|x64
		{C51B8E5B-A4A1-47F9-9262-ED28A2D63CEB}.ReleaseGPU|x64.Build.0 = ReleaseGPU|x64
		{C51B8E5B-A4A1-47F9-9262-ED28A2D63CEB}.ReleaseGPU|x86.ActiveCfg = ReleaseGPU|Win32
		{C51B8E5B-A4A1-47F9-9262-ED28A2D63CEB}.ReleaseGPU|x86.Build.0 = ReleaseGPU|Win32
	EndGlobalSection
	GlobalSection(SolutionProperties) = preSolution
		HideSolutionNode = FALSE
	EndGlobalSection
	GlobalSection(ExtensibilityGlobals) = postSolution
		SolutionGuid = {1208BFF2-646F-4DBC-A8E5-0221911C3861}
	EndGlobalSection
EndGlobal
