<?xml version="1.0" encoding="utf-8"?>
<Project ToolsVersion="4.0" xmlns="http://schemas.microsoft.com/developer/msbuild/2003">
  <ItemGroup>
    <Filter Include="源文件">
      <UniqueIdentifier>{4FC737F1-C7A5-4376-A066-2A32D752A2FF}</UniqueIdentifier>
      <Extensions>cpp;c;cc;cxx;c++;cppm;ixx;def;odl;idl;hpj;bat;asm;asmx</Extensions>
    </Filter>
    <Filter Include="头文件">
      <UniqueIdentifier>{93995380-89BD-4b04-88EB-625FBE52EBFB}</UniqueIdentifier>
      <Extensions>h;hh;hpp;hxx;h++;hm;inl;inc;ipp;xsd</Extensions>
    </Filter>
    <Filter Include="资源文件">
      <UniqueIdentifier>{67DA6AB6-F800-4c08-8B7A-83BB121AAD01}</UniqueIdentifier>
      <Extensions>rc;ico;cur;bmp;dlg;rc2;rct;bin;rgs;gif;jpg;jpeg;jpe;resx;tiff;tif;png;wav;mfcribbon-ms</Extensions>
    </Filter>
    <Filter Include="头文件\Window">
      <UniqueIdentifier>{b72eafd1-64c3-4a9c-923b-ada0ebe9f2a7}</UniqueIdentifier>
    </Filter>
    <Filter Include="源文件\Window">
      <UniqueIdentifier>{af48540c-466b-4d23-85d7-0afcff98e159}</UniqueIdentifier>
    </Filter>
    <Filter Include="头文件\Helper">
      <UniqueIdentifier>{8f150d94-9f66-4d0e-bddc-d461fe588f41}</UniqueIdentifier>
    </Filter>
    <Filter Include="源文件\Helper">
      <UniqueIdentifier>{44904344-1a3f-4def-9ec0-77f683aa8e55}</UniqueIdentifier>
    </Filter>
    <Filter Include="头文件\Extend">
      <UniqueIdentifier>{6580cdbb-b774-4e21-a808-bc999cb50150}</UniqueIdentifier>
    </Filter>
    <Filter Include="源文件\Extend">
      <UniqueIdentifier>{83491527-9f52-4fe0-bcd3-ac98b5895ef2}</UniqueIdentifier>
    </Filter>
    <Filter Include="源文件\Infer">
      <UniqueIdentifier>{535bcb67-4c9c-4048-bf76-eabd65c8c264}</UniqueIdentifier>
    </Filter>
    <Filter Include="头文件\InferTools">
      <UniqueIdentifier>{b95b4ad0-a66a-4f8f-a510-e8c38c0791be}</UniqueIdentifier>
    </Filter>
    <Filter Include="头文件\InferTools\TP">
      <UniqueIdentifier>{b413f80b-99bb-49e8-aa99-fed4e0b239fe}</UniqueIdentifier>
    </Filter>
    <Filter Include="源文件\PluginApi">
      <UniqueIdentifier>{4ec59663-8985-4cce-ae30-4ed364a12f09}</UniqueIdentifier>
    </Filter>
    <Filter Include="头文件\PluginAPI">
      <UniqueIdentifier>{f2e0620a-a491-4644-9733-984d83f1e7c0}</UniqueIdentifier>
    </Filter>
    <Filter Include="头文件\InferTools\TP\wd">
      <UniqueIdentifier>{6a8b4ad9-2889-4fca-a36b-014f4e346828}</UniqueIdentifier>
    </Filter>
    <Filter Include="源文件\Events">
      <UniqueIdentifier>{469127c4-be37-4067-815c-c226b51e0aaf}</UniqueIdentifier>
    </Filter>
    <Filter Include="头文件\Player">
      <UniqueIdentifier>{869af2fb-19a1-41b4-acf5-6647409d898f}</UniqueIdentifier>
    </Filter>
    <Filter Include="源文件\Player">
      <UniqueIdentifier>{4871d819-7dbb-443f-85bb-5b337649a7a3}</UniqueIdentifier>
    </Filter>
  </ItemGroup>
  <ItemGroup>
    <ClInclude Include="framework.h">
      <Filter>头文件</Filter>
    </ClInclude>
    <ClInclude Include="ShirakanaTTSUI.h">
      <Filter>头文件</Filter>
    </ClInclude>
    <ClInclude Include="Window\MainWindow.h">
      <Filter>头文件\Window</Filter>
    </ClInclude>
    <ClInclude Include="Helper\Helper.h">
      <Filter>头文件\Helper</Filter>
    </ClInclude>
    <ClInclude Include="Extend\IconButton.h">
      <Filter>头文件\Extend</Filter>
    </ClInclude>
    <ClInclude Include="resource1.h">
      <Filter>头文件</Filter>
    </ClInclude>
    <ClInclude Include="Infer\MioShirakanaTensor.hpp">
      <Filter>头文件\InferTools</Filter>
    </ClInclude>
    <ClInclude Include="Infer\inferTools.hpp">
      <Filter>头文件\InferTools</Filter>
    </ClInclude>
    <ClInclude Include="Lib\World\src\world\macrodefinitions.h">
      <Filter>头文件\InferTools\TP\wd</Filter>
    </ClInclude>
    <ClInclude Include="Lib\World\src\world\stonemask.h">
      <Filter>头文件\InferTools\TP\wd</Filter>
    </ClInclude>
    <ClInclude Include="Lib\World\src\world\dio.h">
      <Filter>头文件\InferTools\TP\wd</Filter>
    </ClInclude>
    <ClInclude Include="Lib\World\src\world\matlabfunctions.h">
      <Filter>头文件\InferTools\TP\wd</Filter>
    </ClInclude>
    <ClInclude Include="Lib\World\src\world\common.h">
      <Filter>头文件\InferTools\TP\wd</Filter>
    </ClInclude>
    <ClInclude Include="Lib\World\src\world\fft.h">
      <Filter>头文件\InferTools\TP\wd</Filter>
    </ClInclude>
    <ClInclude Include="PluginApi\pluginApi.hpp">
      <Filter>头文件\PluginAPI</Filter>
    </ClInclude>
    <ClInclude Include="Window\UISliderLayer.h">
      <Filter>头文件\Window</Filter>
    </ClInclude>
    <ClInclude Include="AvCodeResample.h">
      <Filter>头文件\InferTools</Filter>
    </ClInclude>
    <ClInclude Include="Player\AudioPlayer.h">
      <Filter>头文件\Player</Filter>
    </ClInclude>
    <ClInclude Include="Event\worlds.h">
      <Filter>头文件\Window</Filter>
    </ClInclude>
    <ClInclude Include="Infer\InferClass.hpp">
      <Filter>头文件\InferTools</Filter>
    </ClInclude>
  </ItemGroup>
  <ItemGroup>
    <ClCompile Include="ShirakanaTTSUI.cpp">
      <Filter>源文件</Filter>
    </ClCompile>
    <ClCompile Include="Window\MainWindow.cpp">
      <Filter>源文件\Window</Filter>
    </ClCompile>
    <ClCompile Include="Helper\Helper.cpp">
      <Filter>源文件\Helper</Filter>
    </ClCompile>
    <ClCompile Include="Extend\IconButton.cpp">
      <Filter>源文件\Extend</Filter>
    </ClCompile>
    <ClCompile Include="Infer\inferFunc.cpp">
      <Filter>源文件\Infer</Filter>
    </ClCompile>
    <ClCompile Include="Infer\inferTools.cpp">
      <Filter>源文件\Infer</Filter>
    </ClCompile>
    <ClCompile Include="PluginApi\pluginApi.cpp">
      <Filter>源文件\PluginApi</Filter>
    </ClCompile>
    <ClCompile Include="Window\UISliderLayer.cpp">
      <Filter>源文件\Window</Filter>
    </ClCompile>
    <ClCompile Include="Event\event.cpp">
      <Filter>源文件\Events</Filter>
    </ClCompile>
    <ClCompile Include="Player\AudioPlayer.cpp">
      <Filter>源文件\Player</Filter>
    </ClCompile>
  </ItemGroup>
  <ItemGroup>
    <None Include="packages.config" />
  </ItemGroup>
  <ItemGroup>
    <ResourceCompile Include="ShirakanaTTSUI1.rc">
      <Filter>资源文件</Filter>
    </ResourceCompile>
  </ItemGroup>
  <ItemGroup>
    <Image Include="1.ico">
      <Filter>资源文件</Filter>
    </Image>
  </ItemGroup>
</Project>