<?xml version="1.0" encoding="utf-8"?>
<Project ToolsVersion="4.0" xmlns="http://schemas.microsoft.com/developer/msbuild/2003">
  <ItemGroup>
    <Filter Include="源文件">
      <UniqueIdentifier>{4FC737F1-C7A5-4376-A066-2A32D752A2FF}</UniqueIdentifier>
      <Extensions>cpp;c;cc;cxx;c++;cppm;ixx;def;odl;idl;hpj;bat;asm;asmx</Extensions>
    </Filter>
    <Filter Include="头文件">
      <UniqueIdentifier>{93995380-89BD-4b04-88EB-625FBE52EBFB}</UniqueIdentifier>
      <Extensions>h;hh;hpp;hxx;h++;hm;inl;inc;ipp;xsd</Extensions>
    </Filter>
    <Filter Include="资源文件">
      <UniqueIdentifier>{67DA6AB6-F800-4c08-8B7A-83BB121AAD01}</UniqueIdentifier>
      <Extensions>rc;ico;cur;bmp;dlg;rc2;rct;bin;rgs;gif;jpg;jpeg;jpe;resx;tiff;tif;png;wav;mfcribbon-ms</Extensions>
    </Filter>
    <Filter Include="头文件\Modules">
      <UniqueIdentifier>{1c27b89b-a422-414a-8a9b-e3b4cfe00382}</UniqueIdentifier>
    </Filter>
    <Filter Include="头文件\Lib">
      <UniqueIdentifier>{72360403-6c70-4a9e-8510-d6d116c4d110}</UniqueIdentifier>
    </Filter>
    <Filter Include="头文件\Lib\World">
      <UniqueIdentifier>{5ee8b24d-0d7d-4ce3-a346-1aac9c990a59}</UniqueIdentifier>
    </Filter>
    <Filter Include="头文件\Lib\Json">
      <UniqueIdentifier>{48681f95-1540-4189-972c-6cc3528e6699}</UniqueIdentifier>
    </Filter>
    <Filter Include="头文件\Modules\AVCodec">
      <UniqueIdentifier>{5958e013-1dc2-4551-84a8-cf2e66ccf5c7}</UniqueIdentifier>
    </Filter>
    <Filter Include="头文件\Modules\InferTools">
      <UniqueIdentifier>{ac48c536-6f94-4eb2-ad9f-81975d6364c0}</UniqueIdentifier>
    </Filter>
    <Filter Include="头文件\Modules\Logger">
      <UniqueIdentifier>{4cedd722-b658-40ae-bb79-87c22154e1e5}</UniqueIdentifier>
    </Filter>
    <Filter Include="头文件\Modules\Models">
      <UniqueIdentifier>{7bc10a82-2361-40fa-a45f-34a3fc658bc5}</UniqueIdentifier>
    </Filter>
    <Filter Include="头文件\Modules\DataStruct">
      <UniqueIdentifier>{11b32da3-f9a6-4cf3-8021-d768e0aeeedf}</UniqueIdentifier>
    </Filter>
    <Filter Include="头文件\Modules\InferTools\TensorExtractor">
      <UniqueIdentifier>{265d1b47-a92d-45ac-a4a9-8dcb5f7ae920}</UniqueIdentifier>
    </Filter>
    <Filter Include="头文件\Modules\InferTools\Sampler">
      <UniqueIdentifier>{6faeac75-c0b1-43dd-8039-19e30bb6e3a7}</UniqueIdentifier>
    </Filter>
    <Filter Include="头文件\Modules\InferTools\F0Extractor">
      <UniqueIdentifier>{e884db22-461a-4d58-9613-77973937a209}</UniqueIdentifier>
    </Filter>
    <Filter Include="头文件\Modules\InferTools\Cluster">
      <UniqueIdentifier>{7cc7c826-511c-434d-a057-362c82a3da04}</UniqueIdentifier>
    </Filter>
    <Filter Include="源文件\LibDLVoiceCodec">
      <UniqueIdentifier>{0d30c1a5-5cc4-4016-976f-f0c388871d59}</UniqueIdentifier>
    </Filter>
    <Filter Include="头文件\LibDLVoiceCodec">
      <UniqueIdentifier>{9cdc3e22-5d4a-4a08-a1cd-57dd5c657e2c}</UniqueIdentifier>
    </Filter>
    <Filter Include="头文件\Modules\InferTools\G2P">
      <UniqueIdentifier>{b5a33287-5ba2-45ae-9135-5a8e3da3d93f}</UniqueIdentifier>
    </Filter>
    <Filter Include="头文件\Modules\Models\TTS">
      <UniqueIdentifier>{02644a09-1bb9-48df-9364-1ea5177de68b}</UniqueIdentifier>
    </Filter>
    <Filter Include="头文件\Modules\Models\SVC">
      <UniqueIdentifier>{e1a1babf-b512-4926-9870-160cf546636a}</UniqueIdentifier>
    </Filter>
    <Filter Include="头文件\Modules\InferTools\Stft">
      <UniqueIdentifier>{d0408cd7-c27d-4858-9702-0e1227fc9c97}</UniqueIdentifier>
    </Filter>
  </ItemGroup>
  <ItemGroup>
    <ClCompile Include="MoeVoiceStudioSvc - Core - Cmd.cpp">
      <Filter>源文件</Filter>
    </ClCompile>
    <ClCompile Include="LibDLVoiceCodec\base.cpp">
      <Filter>源文件\LibDLVoiceCodec</Filter>
    </ClCompile>
    <ClCompile Include="LibDLVoiceCodec\value.cpp">
      <Filter>源文件\LibDLVoiceCodec</Filter>
    </ClCompile>
    <ClCompile Include="LibDLVoiceCodec\operator.cpp">
      <Filter>源文件\LibDLVoiceCodec</Filter>
    </ClCompile>
  </ItemGroup>
  <ItemGroup>
    <ClInclude Include="..\Lib\World\src\world\cheaptrick.h">
      <Filter>头文件\Lib\World</Filter>
    </ClInclude>
    <ClInclude Include="..\Lib\World\src\world\codec.h">
      <Filter>头文件\Lib\World</Filter>
    </ClInclude>
    <ClInclude Include="..\Lib\World\src\world\common.h">
      <Filter>头文件\Lib\World</Filter>
    </ClInclude>
    <ClInclude Include="..\Lib\World\src\world\constantnumbers.h">
      <Filter>头文件\Lib\World</Filter>
    </ClInclude>
    <ClInclude Include="..\Lib\World\src\world\d4c.h">
      <Filter>头文件\Lib\World</Filter>
    </ClInclude>
    <ClInclude Include="..\Lib\World\src\world\dio.h">
      <Filter>头文件\Lib\World</Filter>
    </ClInclude>
    <ClInclude Include="..\Lib\World\src\world\fft.h">
      <Filter>头文件\Lib\World</Filter>
    </ClInclude>
    <ClInclude Include="..\Lib\World\src\world\harvest.h">
      <Filter>头文件\Lib\World</Filter>
    </ClInclude>
    <ClInclude Include="..\Lib\World\src\world\macrodefinitions.h">
      <Filter>头文件\Lib\World</Filter>
    </ClInclude>
    <ClInclude Include="..\Lib\World\src\world\matlabfunctions.h">
      <Filter>头文件\Lib\World</Filter>
    </ClInclude>
    <ClInclude Include="..\Lib\World\src\world\stonemask.h">
      <Filter>头文件\Lib\World</Filter>
    </ClInclude>
    <ClInclude Include="..\Lib\World\src\world\synthesis.h">
      <Filter>头文件\Lib\World</Filter>
    </ClInclude>
    <ClInclude Include="..\Lib\World\src\world\synthesisrealtime.h">
      <Filter>头文件\Lib\World</Filter>
    </ClInclude>
    <ClInclude Include="..\Lib\World\tools\parameterio.h">
      <Filter>头文件\Lib\World</Filter>
    </ClInclude>
    <ClInclude Include="..\Lib\World\tools\audioio.h">
      <Filter>头文件\Lib\World</Filter>
    </ClInclude>
    <ClInclude Include="Modules\Modules.hpp">
      <Filter>头文件\Modules</Filter>
    </ClInclude>
    <ClInclude Include="..\Lib\MJson\yyjson.h">
      <Filter>头文件\Lib\Json</Filter>
    </ClInclude>
    <ClInclude Include="..\Lib\MJson\MJson.h">
      <Filter>头文件\Lib\Json</Filter>
    </ClInclude>
    <ClInclude Include="Modules\Models\header\MoeVSProject.hpp">
      <Filter>头文件\Modules\Models</Filter>
    </ClInclude>
    <ClInclude Include="Modules\Models\header\ModelBase.hpp">
      <Filter>头文件\Modules\Models</Filter>
    </ClInclude>
    <ClInclude Include="Modules\DataStruct\KDTree.hpp">
      <Filter>头文件\Modules\DataStruct</Filter>
    </ClInclude>
    <ClInclude Include="Modules\AvCodec\AvCodeResample.h">
      <Filter>头文件\Modules\AVCodec</Filter>
    </ClInclude>
    <ClInclude Include="Modules\Logger\MoeSSLogger.hpp">
      <Filter>头文件\Modules\Logger</Filter>
    </ClInclude>
    <ClInclude Include="Modules\InferTools\inferTools.hpp">
      <Filter>头文件\Modules\InferTools</Filter>
    </ClInclude>
    <ClInclude Include="Modules\InferTools\Cluster\MoeVSBaseCluster.hpp">
      <Filter>头文件\Modules\InferTools\Cluster</Filter>
    </ClInclude>
    <ClInclude Include="Modules\InferTools\Cluster\MoeVSClusterManager.hpp">
      <Filter>头文件\Modules\InferTools\Cluster</Filter>
    </ClInclude>
    <ClInclude Include="Modules\InferTools\Cluster\MoeVSKmeansCluster.hpp">
      <Filter>头文件\Modules\InferTools\Cluster</Filter>
    </ClInclude>
    <ClInclude Include="Modules\InferTools\F0Extractor\F0ExtractorManager.hpp">
      <Filter>头文件\Modules\InferTools\F0Extractor</Filter>
    </ClInclude>
    <ClInclude Include="Modules\InferTools\F0Extractor\HarvestF0Extractor\HarvestF0Extractor.hpp">
      <Filter>头文件\Modules\InferTools\F0Extractor</Filter>
    </ClInclude>
    <ClInclude Include="Modules\InferTools\F0Extractor\DioF0Extractor\DioF0Extractor.hpp">
      <Filter>头文件\Modules\InferTools\F0Extractor</Filter>
    </ClInclude>
    <ClInclude Include="Modules\InferTools\F0Extractor\BaseF0Extractor\BaseF0Extractor.hpp">
      <Filter>头文件\Modules\InferTools\F0Extractor</Filter>
    </ClInclude>
    <ClInclude Include="Modules\InferTools\Sampler\MoeVSBaseSampler.hpp">
      <Filter>头文件\Modules\InferTools\Sampler</Filter>
    </ClInclude>
    <ClInclude Include="Modules\InferTools\Sampler\MoeVSSamplerManager.hpp">
      <Filter>头文件\Modules\InferTools\Sampler</Filter>
    </ClInclude>
    <ClInclude Include="Modules\InferTools\Sampler\MoeVSSamplers.hpp">
      <Filter>头文件\Modules\InferTools\Sampler</Filter>
    </ClInclude>
    <ClInclude Include="Modules\InferTools\TensorExtractor\MoeVoiceStudioTensorExtractor.hpp">
      <Filter>头文件\Modules\InferTools\TensorExtractor</Filter>
    </ClInclude>
    <ClInclude Include="Modules\InferTools\TensorExtractor\MoeVSCoreTensorExtractor.hpp">
      <Filter>头文件\Modules\InferTools\TensorExtractor</Filter>
    </ClInclude>
    <ClInclude Include="Modules\InferTools\TensorExtractor\TensorExtractorManager.hpp">
      <Filter>头文件\Modules\InferTools\TensorExtractor</Filter>
    </ClInclude>
    <ClInclude Include="Modules\Models\EnvManager.hpp">
      <Filter>头文件\Modules\Models</Filter>
    </ClInclude>
    <ClInclude Include="Modules\InferTools\F0Extractor\NetF0Predictors\NetF0Predictors.hpp">
      <Filter>头文件\Modules\InferTools\F0Extractor</Filter>
    </ClInclude>
    <ClInclude Include="LibDLVoiceCodec\base.h">
      <Filter>头文件\LibDLVoiceCodec</Filter>
    </ClInclude>
    <ClInclude Include="LibDLVoiceCodec\value.h">
      <Filter>头文件\LibDLVoiceCodec</Filter>
    </ClInclude>
    <ClInclude Include="LibDLVoiceCodec\operator.h">
      <Filter>头文件\LibDLVoiceCodec</Filter>
    </ClInclude>
    <ClInclude Include="Modules\InferTools\Cluster\MoeVSIndexCluster.hpp">
      <Filter>头文件\Modules\InferTools\Cluster</Filter>
    </ClInclude>
    <ClInclude Include="Modules\InferTools\G2P\MoeVSG2P.hpp">
      <Filter>头文件\Modules\InferTools\G2P</Filter>
    </ClInclude>
    <ClInclude Include="Modules\Models\header\Tacotron.hpp">
      <Filter>头文件\Modules\Models\TTS</Filter>
    </ClInclude>
    <ClInclude Include="Modules\Models\header\TTS.hpp">
      <Filter>头文件\Modules\Models\TTS</Filter>
    </ClInclude>
    <ClInclude Include="Modules\Models\header\Vits.hpp">
      <Filter>头文件\Modules\Models\TTS</Filter>
    </ClInclude>
    <ClInclude Include="Modules\Models\header\DiffSvc.hpp">
      <Filter>头文件\Modules\Models\SVC</Filter>
    </ClInclude>
    <ClInclude Include="Modules\Models\header\SVC.hpp">
      <Filter>头文件\Modules\Models\SVC</Filter>
    </ClInclude>
    <ClInclude Include="Modules\Models\header\VitsSvc.hpp">
      <Filter>头文件\Modules\Models\SVC</Filter>
    </ClInclude>
    <ClInclude Include="Modules\StringPreprocess.hpp">
      <Filter>头文件\Modules</Filter>
    </ClInclude>
    <ClInclude Include="Modules\InferTools\Stft\stft.hpp">
      <Filter>头文件\Modules\InferTools\Stft</Filter>
    </ClInclude>
  </ItemGroup>
  <ItemGroup>
    <None Include="..\README.md">
      <Filter>资源文件</Filter>
    </None>
    <None Include="..\README_en.md">
      <Filter>资源文件</Filter>
    </None>
  </ItemGroup>
</Project>